
Microsoft Visual Studio Solution File, Format Version 12.00
# Visual Studio 15
Project("{FAE04EC0-301F-11D3-BF4B-00C04F79EFBC}") = "UnityEngine.TestRunner", "UnityEngine.TestRunner.csproj", "{A2FE5F28-CE3A-F135-4ED4-7A4DD32DEF33}"
EndProject
Project("{FAE04EC0-301F-11D3-BF4B-00C04F79EFBC}") = "fps.Gameplay", "fps.Gameplay.csproj", "{071E0C3D-1A58-A591-C8AC-A9E26119BEB4}"
EndProject
Project("{FAE04EC0-301F-11D3-BF4B-00C04F79EFBC}") = "Unity.Timeline", "Unity.Timeline.csproj", "{221E05C9-AF1E-1069-EA0D-14C11C31DB4A}"
EndProject
Project("{FAE04EC0-301F-11D3-BF4B-00C04F79EFBC}") = "fps.UI", "fps.UI.csproj", "{E0C95E51-24B6-C40D-2801-9BA01ECBFD76}"
EndProject
Project("{FAE04EC0-301F-11D3-BF4B-00C04F79EFBC}") = "Unity.ProBuilder", "Unity.ProBuilder.csproj", "{5502A127-1DE2-0609-9AE6-81EA0F0604CC}"
EndProject
Project("{FAE04EC0-301F-11D3-BF4B-00C04F79EFBC}") = "UnityEngine.UI", "UnityEngine.UI.csproj", "{797D68BB-E550-66B8-55F8-7B58A28A511B}"
EndProject
Project("{FAE04EC0-301F-11D3-BF4B-00C04F79EFBC}") = "Unity.TextMeshPro", "Unity.TextMeshPro.csproj", "{F9967A13-1DC0-96A2-F592-5413B97A731E}"
EndProject
Project("{FAE04EC0-301F-11D3-BF4B-00C04F79EFBC}") = "Unity.ProBuilder.Poly2Tri", "Unity.ProBuilder.Poly2Tri.csproj", "{47B242E1-E1BC-E8AF-A1D8-BC39855EDF94}"
EndProject
Project("{FAE04EC0-301F-11D3-BF4B-00C04F79EFBC}") = "fps.Game", "fps.Game.csproj", "{A4D6F33A-C68E-2FB0-AC46-EB919AD2EAFE}"
EndProject
Project("{FAE04EC0-301F-11D3-BF4B-00C04F79EFBC}") = "Unity.InteractiveTutorials.Core.Scripts", "Unity.InteractiveTutorials.Core.Scripts.csproj", "{7FC940BC-2608-EF1A-3345-2F759B564B00}"
EndProject
Project("{FAE04EC0-301F-11D3-BF4B-00C04F79EFBC}") = "Assembly-CSharp", "Assembly-CSharp.csproj", "{20A2DB68-8368-8954-861A-62CB433E2E20}"
EndProject
Project("{FAE04EC0-301F-11D3-BF4B-00C04F79EFBC}") = "Unity.FPS.Tutorials", "Unity.FPS.Tutorials.csproj", "{8FDD3631-F353-A694-8D6F-F50DE873084A}"
EndProject
Project("{FAE04EC0-301F-11D3-BF4B-00C04F79EFBC}") = "NavMeshComponents", "NavMeshComponents.csproj", "{15B9EFFE-7D88-B147-6B43-9BE68D8B1831}"
EndProject
Project("{FAE04EC0-301F-11D3-BF4B-00C04F79EFBC}") = "fps.AI", "fps.AI.csproj", "{982F6A98-4189-DF39-BB82-A794F19AF131}"
EndProject
Project("{FAE04EC0-301F-11D3-BF4B-00C04F79EFBC}") = "Unity.ProBuilder.Csg", "Unity.ProBuilder.Csg.csproj", "{B44D71F3-AF6A-0C09-AE42-8F7F078F3227}"
EndProject
Project("{FAE04EC0-301F-11D3-BF4B-00C04F79EFBC}") = "Unity.ProBuilder.KdTree", "Unity.ProBuilder.KdTree.csproj", "{A33880B5-9C88-5132-91C7-FD24CCB66AFA}"
EndProject
Project("{FAE04EC0-301F-11D3-BF4B-00C04F79EFBC}") = "Unity.ProBuilder.Stl", "Unity.ProBuilder.Stl.csproj", "{962FE5E3-7409-CADF-E971-5385EA2FA8A3}"
EndProject
Project("{FAE04EC0-301F-11D3-BF4B-00C04F79EFBC}") = "UnityEditor.TestRunner", "UnityEditor.TestRunner.csproj", "{F6778C6E-E5AC-FFBE-975A-AE17DF4E3649}"
EndProject
Project("{FAE04EC0-301F-11D3-BF4B-00C04F79EFBC}") = "Unity.InteractiveTutorials.Core", "Unity.InteractiveTutorials.Core.csproj", "{C479FC63-C828-B607-562A-23386700C4FB}"
EndProject
Project("{FAE04EC0-301F-11D3-BF4B-00C04F79EFBC}") = "Unity.ProBuilder.Editor", "Unity.ProBuilder.Editor.csproj", "{59D51A40-E722-0E9E-2E88-FD0025879B13}"
EndProject
Project("{FAE04EC0-301F-11D3-BF4B-00C04F79EFBC}") = "Unity.PlasticSCM.Editor", "Unity.PlasticSCM.Editor.csproj", "{FE4DFBAC-BE4D-41F9-120D-0E31A0F3F874}"
EndProject
Project("{FAE04EC0-301F-11D3-BF4B-00C04F79EFBC}") = "UnityEditor.UI", "UnityEditor.UI.csproj", "{08A2BE3C-F15A-E3FC-C182-04FAD885B3A9}"
EndProject
Project("{FAE04EC0-301F-11D3-BF4B-00C04F79EFBC}") = "Unity.Services.Core.Editor", "Unity.Services.Core.Editor.csproj", "{EE495352-70C6-8603-C23E-15D00C32E26B}"
EndProject
Project("{FAE04EC0-301F-11D3-BF4B-00C04F79EFBC}") = "Unity.VisualStudio.Editor", "Unity.VisualStudio.Editor.csproj", "{D71CC1D8-0A4A-7B82-527F-C920E37CA9CF}"
EndProject
Project("{FAE04EC0-301F-11D3-BF4B-00C04F79EFBC}") = "Unity.Timeline.Editor", "Unity.Timeline.Editor.csproj", "{679B4217-8B2E-9B9C-732A-4AF80642CF06}"
EndProject
Project("{FAE04EC0-301F-11D3-BF4B-00C04F79EFBC}") = "Unity.TextMeshPro.Editor", "Unity.TextMeshPro.Editor.csproj", "{9EF59AAA-9A96-4CAE-6138-5084D354CCA6}"
EndProject
Project("{FAE04EC0-301F-11D3-BF4B-00C04F79EFBC}") = "Unity.CollabProxy.Editor", "Unity.CollabProxy.Editor.csproj", "{CC6FB320-0147-5AD9-F1BD-0E9B993B4C46}"
EndProject
Project("{FAE04EC0-301F-11D3-BF4B-00C04F79EFBC}") = "Unity.Rider.Editor", "Unity.Rider.Editor.csproj", "{FAEFB37B-820B-4921-F5C9-7902722899B4}"
EndProject
Project("{FAE04EC0-301F-11D3-BF4B-00C04F79EFBC}") = "UnityEditor.InteractiveTutorialsFramework", "UnityEditor.InteractiveTutorialsFramework.csproj", "{D0C9E503-3F50-B4D0-E63E-C01E545E5A7B}"
EndProject
Project("{FAE04EC0-301F-11D3-BF4B-00C04F79EFBC}") = "Unity.InternalAPIEditorBridgeDev.001", "Unity.InternalAPIEditorBridgeDev.001.csproj", "{9CF4EB14-BD17-0084-C57C-69E820062AC0}"
EndProject
Project("{FAE04EC0-301F-11D3-BF4B-00C04F79EFBC}") = "NavMeshComponentsEditor", "NavMeshComponentsEditor.csproj", "{3E066EB9-B1E7-91D1-C66E-134CA2876588}"
EndProject
Project("{FAE04EC0-301F-11D3-BF4B-00C04F79EFBC}") = "Unity.VSCode.Editor", "Unity.VSCode.Editor.csproj", "{3DD2BF9B-6FF6-9E6A-49B5-9DC40DE27238}"
EndProject
Project("{FAE04EC0-301F-11D3-BF4B-00C04F79EFBC}") = "Unity.ProBuilder.AssetIdRemapUtility", "Unity.ProBuilder.AssetIdRemapUtility.csproj", "{81151104-B5D3-617C-756B-6C406EC9ED4E}"
EndProject
Project("{FAE04EC0-301F-11D3-BF4B-00C04F79EFBC}") = "Unity.Settings.Editor", "Unity.Settings.Editor.csproj", "{A3AE4B5C-1A0D-2BC8-820C-4B27DED3BFEA}"
EndProject
Project("{FAE04EC0-301F-11D3-BF4B-00C04F79EFBC}") = "Unity.EditorCoroutines.Editor", "Unity.EditorCoroutines.Editor.csproj", "{BEFCAFA1-5D0A-5D13-313D-871219EB3417}"
EndProject
Project("{FAE04EC0-301F-11D3-BF4B-00C04F79EFBC}") = "Unity.Play.Publisher.Editor", "Unity.Play.Publisher.Editor.csproj", "{4D262F94-77AA-DEFB-B1EC-27ADC36C829E}"
EndProject
Project("{FAE04EC0-301F-11D3-BF4B-00C04F79EFBC}") = "Unity.Microgame.Tutorials", "Unity.Microgame.Tutorials.csproj", "{4D80751A-CFC5-6F83-CB43-EA9D021B3587}"
EndProject
Project("{FAE04EC0-301F-11D3-BF4B-00C04F79EFBC}") = "Unity.ProBuilder.AddOns.Editor", "Unity.ProBuilder.AddOns.Editor.csproj", "{BA4E44FA-29D4-FA58-A054-511E68F419C3}"
EndProject
Project("{FAE04EC0-301F-11D3-BF4B-00C04F79EFBC}") = "fps.Editor", "fps.Editor.csproj", "{B2A73F1D-953E-EC90-F215-0EB22771F7DA}"
EndProject
Project("{FAE04EC0-301F-11D3-BF4B-00C04F79EFBC}") = "UnityEngine.TestRunner", "UnityEngine.TestRunner.Player.csproj", "{FE8875E5-EEFB-CBA9-992E-4571324A3A3E}"
EndProject
Project("{FAE04EC0-301F-11D3-BF4B-00C04F79EFBC}") = "fps.Gameplay", "fps.Gameplay.Player.csproj", "{6AB95CB4-A1B0-2CA3-1895-CCB54D7D87FE}"
EndProject
Project("{FAE04EC0-301F-11D3-BF4B-00C04F79EFBC}") = "Unity.Timeline", "Unity.Timeline.Player.csproj", "{3D141CB3-2E64-D824-CCDC-1FFF509E8D88}"
EndProject
Project("{FAE04EC0-301F-11D3-BF4B-00C04F79EFBC}") = "fps.UI", "fps.UI.Player.csproj", "{C68A0A31-61B2-7571-5A74-27CEFC940802}"
EndProject
Project("{FAE04EC0-301F-11D3-BF4B-00C04F79EFBC}") = "Unity.ProBuilder", "Unity.ProBuilder.Player.csproj", "{ACB35CFD-D0EE-2E0C-FAD1-7C1BACAA1925}"
EndProject
Project("{FAE04EC0-301F-11D3-BF4B-00C04F79EFBC}") = "UnityEngine.UI", "UnityEngine.UI.Player.csproj", "{CA025736-CBBF-19CF-FC43-0ED48687A528}"
EndProject
Project("{FAE04EC0-301F-11D3-BF4B-00C04F79EFBC}") = "Unity.TextMeshPro", "Unity.TextMeshPro.Player.csproj", "{3B60C6F6-B088-EBBC-6469-1745E2BE9D9B}"
EndProject
Project("{FAE04EC0-301F-11D3-BF4B-00C04F79EFBC}") = "Unity.ProBuilder.Poly2Tri", "Unity.ProBuilder.Poly2Tri.Player.csproj", "{7ECD1942-8305-4987-666E-1F60FABBB725}"
EndProject
Project("{FAE04EC0-301F-11D3-BF4B-00C04F79EFBC}") = "fps.Game", "fps.Game.Player.csproj", "{6CDFF9CF-D890-78BD-24AE-BF67B5AABF02}"
EndProject
Project("{FAE04EC0-301F-11D3-BF4B-00C04F79EFBC}") = "Unity.InteractiveTutorials.Core.Scripts", "Unity.InteractiveTutorials.Core.Scripts.Player.csproj", "{108B8058-4F8A-6045-DE71-031A1F78D45F}"
EndProject
Project("{FAE04EC0-301F-11D3-BF4B-00C04F79EFBC}") = "Assembly-CSharp", "Assembly-CSharp.Player.csproj", "{D3D4D6C8-BBDC-EC0D-19D7-74E3A0A140B3}"
EndProject
Project("{FAE04EC0-301F-11D3-BF4B-00C04F79EFBC}") = "NavMeshComponents", "NavMeshComponents.Player.csproj", "{2416B312-4173-9A24-7683-26DD619E2FA2}"
EndProject
Project("{FAE04EC0-301F-11D3-BF4B-00C04F79EFBC}") = "fps.AI", "fps.AI.Player.csproj", "{CB973CE7-CC04-CD5A-3FE1-94A335B4FBE3}"
EndProject
Project("{FAE04EC0-301F-11D3-BF4B-00C04F79EFBC}") = "Unity.ProBuilder.Csg", "Unity.ProBuilder.Csg.Player.csproj", "{B1926FED-F9DE-88D2-3D9D-B018EC90CF1D}"
EndProject
Project("{FAE04EC0-301F-11D3-BF4B-00C04F79EFBC}") = "Unity.ProBuilder.KdTree", "Unity.ProBuilder.KdTree.Player.csproj", "{D3778594-F7AD-503D-710A-70C2DACE8A1F}"
EndProject
Project("{FAE04EC0-301F-11D3-BF4B-00C04F79EFBC}") = "Unity.ProBuilder.Stl", "Unity.ProBuilder.Stl.Player.csproj", "{136C165E-7FA1-007E-69B4-48AFC2A3B1F6}"
EndProject
Global
	GlobalSection(SolutionConfigurationPlatforms) = preSolution
		Debug|Any CPU = Debug|Any CPU
		Release|Any CPU = Release|Any CPU
	EndGlobalSection
	GlobalSection(ProjectConfigurationPlatforms) = postSolution
		{A2FE5F28-CE3A-F135-4ED4-7A4DD32DEF33}.Debug|Any CPU.ActiveCfg = Debug|Any CPU
		{A2FE5F28-CE3A-F135-4ED4-7A4DD32DEF33}.Debug|Any CPU.Build.0 = Debug|Any CPU
		{A2FE5F28-CE3A-F135-4ED4-7A4DD32DEF33}.Release|Any CPU.ActiveCfg = Release|Any CPU
		{A2FE5F28-CE3A-F135-4ED4-7A4DD32DEF33}.Release|Any CPU.Build.0 = Release|Any CPU
		{071E0C3D-1A58-A591-C8AC-A9E26119BEB4}.Debug|Any CPU.ActiveCfg = Debug|Any CPU
		{071E0C3D-1A58-A591-C8AC-A9E26119BEB4}.Debug|Any CPU.Build.0 = Debug|Any CPU
		{071E0C3D-1A58-A591-C8AC-A9E26119BEB4}.Release|Any CPU.ActiveCfg = Release|Any CPU
		{071E0C3D-1A58-A591-C8AC-A9E26119BEB4}.Release|Any CPU.Build.0 = Release|Any CPU
		{221E05C9-AF1E-1069-EA0D-14C11C31DB4A}.Debug|Any CPU.ActiveCfg = Debug|Any CPU
		{221E05C9-AF1E-1069-EA0D-14C11C31DB4A}.Debug|Any CPU.Build.0 = Debug|Any CPU
		{221E05C9-AF1E-1069-EA0D-14C11C31DB4A}.Release|Any CPU.ActiveCfg = Release|Any CPU
		{221E05C9-AF1E-1069-EA0D-14C11C31DB4A}.Release|Any CPU.Build.0 = Release|Any CPU
		{E0C95E51-24B6-C40D-2801-9BA01ECBFD76}.Debug|Any CPU.ActiveCfg = Debug|Any CPU
		{E0C95E51-24B6-C40D-2801-9BA01ECBFD76}.Debug|Any CPU.Build.0 = Debug|Any CPU
		{E0C95E51-24B6-C40D-2801-9BA01ECBFD76}.Release|Any CPU.ActiveCfg = Release|Any CPU
		{E0C95E51-24B6-C40D-2801-9BA01ECBFD76}.Release|Any CPU.Build.0 = Release|Any CPU
		{5502A127-1DE2-0609-9AE6-81EA0F0604CC}.Debug|Any CPU.ActiveCfg = Debug|Any CPU
		{5502A127-1DE2-0609-9AE6-81EA0F0604CC}.Debug|Any CPU.Build.0 = Debug|Any CPU
		{5502A127-1DE2-0609-9AE6-81EA0F0604CC}.Release|Any CPU.ActiveCfg = Release|Any CPU
		{5502A127-1DE2-0609-9AE6-81EA0F0604CC}.Release|Any CPU.Build.0 = Release|Any CPU
		{797D68BB-E550-66B8-55F8-7B58A28A511B}.Debug|Any CPU.ActiveCfg = Debug|Any CPU
		{797D68BB-E550-66B8-55F8-7B58A28A511B}.Debug|Any CPU.Build.0 = Debug|Any CPU
		{797D68BB-E550-66B8-55F8-7B58A28A511B}.Release|Any CPU.ActiveCfg = Release|Any CPU
		{797D68BB-E550-66B8-55F8-7B58A28A511B}.Release|Any CPU.Build.0 = Release|Any CPU
		{F9967A13-1DC0-96A2-F592-5413B97A731E}.Debug|Any CPU.ActiveCfg = Debug|Any CPU
		{F9967A13-1DC0-96A2-F592-5413B97A731E}.Debug|Any CPU.Build.0 = Debug|Any CPU
		{F9967A13-1DC0-96A2-F592-5413B97A731E}.Release|Any CPU.ActiveCfg = Release|Any CPU
		{F9967A13-1DC0-96A2-F592-5413B97A731E}.Release|Any CPU.Build.0 = Release|Any CPU
		{47B242E1-E1BC-E8AF-A1D8-BC39855EDF94}.Debug|Any CPU.ActiveCfg = Debug|Any CPU
		{47B242E1-E1BC-E8AF-A1D8-BC39855EDF94}.Debug|Any CPU.Build.0 = Debug|Any CPU
		{47B242E1-E1BC-E8AF-A1D8-BC39855EDF94}.Release|Any CPU.ActiveCfg = Release|Any CPU
		{47B242E1-E1BC-E8AF-A1D8-BC39855EDF94}.Release|Any CPU.Build.0 = Release|Any CPU
		{A4D6F33A-C68E-2FB0-AC46-EB919AD2EAFE}.Debug|Any CPU.ActiveCfg = Debug|Any CPU
		{A4D6F33A-C68E-2FB0-AC46-EB919AD2EAFE}.Debug|Any CPU.Build.0 = Debug|Any CPU
		{A4D6F33A-C68E-2FB0-AC46-EB919AD2EAFE}.Release|Any CPU.ActiveCfg = Release|Any CPU
		{A4D6F33A-C68E-2FB0-AC46-EB919AD2EAFE}.Release|Any CPU.Build.0 = Release|Any CPU
		{7FC940BC-2608-EF1A-3345-2F759B564B00}.Debug|Any CPU.ActiveCfg = Debug|Any CPU
		{7FC940BC-2608-EF1A-3345-2F759B564B00}.Debug|Any CPU.Build.0 = Debug|Any CPU
		{7FC940BC-2608-EF1A-3345-2F759B564B00}.Release|Any CPU.ActiveCfg = Release|Any CPU
		{7FC940BC-2608-EF1A-3345-2F759B564B00}.Release|Any CPU.Build.0 = Release|Any CPU
		{20A2DB68-8368-8954-861A-62CB433E2E20}.Debug|Any CPU.ActiveCfg = Debug|Any CPU
		{20A2DB68-8368-8954-861A-62CB433E2E20}.Debug|Any CPU.Build.0 = Debug|Any CPU
		{20A2DB68-8368-8954-861A-62CB433E2E20}.Release|Any CPU.ActiveCfg = Release|Any CPU
		{20A2DB68-8368-8954-861A-62CB433E2E20}.Release|Any CPU.Build.0 = Release|Any CPU
		{8FDD3631-F353-A694-8D6F-F50DE873084A}.Debug|Any CPU.ActiveCfg = Debug|Any CPU
		{8FDD3631-F353-A694-8D6F-F50DE873084A}.Debug|Any CPU.Build.0 = Debug|Any CPU
		{8FDD3631-F353-A694-8D6F-F50DE873084A}.Release|Any CPU.ActiveCfg = Release|Any CPU
		{8FDD3631-F353-A694-8D6F-F50DE873084A}.Release|Any CPU.Build.0 = Release|Any CPU
		{15B9EFFE-7D88-B147-6B43-9BE68D8B1831}.Debug|Any CPU.ActiveCfg = Debug|Any CPU
		{15B9EFFE-7D88-B147-6B43-9BE68D8B1831}.Debug|Any CPU.Build.0 = Debug|Any CPU
		{15B9EFFE-7D88-B147-6B43-9BE68D8B1831}.Release|Any CPU.ActiveCfg = Release|Any CPU
		{15B9EFFE-7D88-B147-6B43-9BE68D8B1831}.Release|Any CPU.Build.0 = Release|Any CPU
		{982F6A98-4189-DF39-BB82-A794F19AF131}.Debug|Any CPU.ActiveCfg = Debug|Any CPU
		{982F6A98-4189-DF39-BB82-A794F19AF131}.Debug|Any CPU.Build.0 = Debug|Any CPU
		{982F6A98-4189-DF39-BB82-A794F19AF131}.Release|Any CPU.ActiveCfg = Release|Any CPU
		{982F6A98-4189-DF39-BB82-A794F19AF131}.Release|Any CPU.Build.0 = Release|Any CPU
		{B44D71F3-AF6A-0C09-AE42-8F7F078F3227}.Debug|Any CPU.ActiveCfg = Debug|Any CPU
		{B44D71F3-AF6A-0C09-AE42-8F7F078F3227}.Debug|Any CPU.Build.0 = Debug|Any CPU
		{B44D71F3-AF6A-0C09-AE42-8F7F078F3227}.Release|Any CPU.ActiveCfg = Release|Any CPU
		{B44D71F3-AF6A-0C09-AE42-8F7F078F3227}.Release|Any CPU.Build.0 = Release|Any CPU
		{A33880B5-9C88-5132-91C7-FD24CCB66AFA}.Debug|Any CPU.ActiveCfg = Debug|Any CPU
		{A33880B5-9C88-5132-91C7-FD24CCB66AFA}.Debug|Any CPU.Build.0 = Debug|Any CPU
		{A33880B5-9C88-5132-91C7-FD24CCB66AFA}.Release|Any CPU.ActiveCfg = Release|Any CPU
		{A33880B5-9C88-5132-91C7-FD24CCB66AFA}.Release|Any CPU.Build.0 = Release|Any CPU
		{962FE5E3-7409-CADF-E971-5385EA2FA8A3}.Debug|Any CPU.ActiveCfg = Debug|Any CPU
		{962FE5E3-7409-CADF-E971-5385EA2FA8A3}.Debug|Any CPU.Build.0 = Debug|Any CPU
		{962FE5E3-7409-CADF-E971-5385EA2FA8A3}.Release|Any CPU.ActiveCfg = Release|Any CPU
		{962FE5E3-7409-CADF-E971-5385EA2FA8A3}.Release|Any CPU.Build.0 = Release|Any CPU
		{F6778C6E-E5AC-FFBE-975A-AE17DF4E3649}.Debug|Any CPU.ActiveCfg = Debug|Any CPU
		{F6778C6E-E5AC-FFBE-975A-AE17DF4E3649}.Debug|Any CPU.Build.0 = Debug|Any CPU
		{F6778C6E-E5AC-FFBE-975A-AE17DF4E3649}.Release|Any CPU.ActiveCfg = Release|Any CPU
		{F6778C6E-E5AC-FFBE-975A-AE17DF4E3649}.Release|Any CPU.Build.0 = Release|Any CPU
		{C479FC63-C828-B607-562A-23386700C4FB}.Debug|Any CPU.ActiveCfg = Debug|Any CPU
		{C479FC63-C828-B607-562A-23386700C4FB}.Debug|Any CPU.Build.0 = Debug|Any CPU
		{C479FC63-C828-B607-562A-23386700C4FB}.Release|Any CPU.ActiveCfg = Release|Any CPU
		{C479FC63-C828-B607-562A-23386700C4FB}.Release|Any CPU.Build.0 = Release|Any CPU
		{59D51A40-E722-0E9E-2E88-FD0025879B13}.Debug|Any CPU.ActiveCfg = Debug|Any CPU
		{59D51A40-E722-0E9E-2E88-FD0025879B13}.Debug|Any CPU.Build.0 = Debug|Any CPU
		{59D51A40-E722-0E9E-2E88-FD0025879B13}.Release|Any CPU.ActiveCfg = Release|Any CPU
		{59D51A40-E722-0E9E-2E88-FD0025879B13}.Release|Any CPU.Build.0 = Release|Any CPU
		{FE4DFBAC-BE4D-41F9-120D-0E31A0F3F874}.Debug|Any CPU.ActiveCfg = Debug|Any CPU
		{FE4DFBAC-BE4D-41F9-120D-0E31A0F3F874}.Debug|Any CPU.Build.0 = Debug|Any CPU
		{FE4DFBAC-BE4D-41F9-120D-0E31A0F3F874}.Release|Any CPU.ActiveCfg = Release|Any CPU
		{FE4DFBAC-BE4D-41F9-120D-0E31A0F3F874}.Release|Any CPU.Build.0 = Release|Any CPU
		{08A2BE3C-F15A-E3FC-C182-04FAD885B3A9}.Debug|Any CPU.ActiveCfg = Debug|Any CPU
		{08A2BE3C-F15A-E3FC-C182-04FAD885B3A9}.Debug|Any CPU.Build.0 = Debug|Any CPU
		{08A2BE3C-F15A-E3FC-C182-04FAD885B3A9}.Release|Any CPU.ActiveCfg = Release|Any CPU
		{08A2BE3C-F15A-E3FC-C182-04FAD885B3A9}.Release|Any CPU.Build.0 = Release|Any CPU
		{EE495352-70C6-8603-C23E-15D00C32E26B}.Debug|Any CPU.ActiveCfg = Debug|Any CPU
		{EE495352-70C6-8603-C23E-15D00C32E26B}.Debug|Any CPU.Build.0 = Debug|Any CPU
		{EE495352-70C6-8603-C23E-15D00C32E26B}.Release|Any CPU.ActiveCfg = Release|Any CPU
		{EE495352-70C6-8603-C23E-15D00C32E26B}.Release|Any CPU.Build.0 = Release|Any CPU
		{D71CC1D8-0A4A-7B82-527F-C920E37CA9CF}.Debug|Any CPU.ActiveCfg = Debug|Any CPU
		{D71CC1D8-0A4A-7B82-527F-C920E37CA9CF}.Debug|Any CPU.Build.0 = Debug|Any CPU
		{D71CC1D8-0A4A-7B82-527F-C920E37CA9CF}.Release|Any CPU.ActiveCfg = Release|Any CPU
		{D71CC1D8-0A4A-7B82-527F-C920E37CA9CF}.Release|Any CPU.Build.0 = Release|Any CPU
		{679B4217-8B2E-9B9C-732A-4AF80642CF06}.Debug|Any CPU.ActiveCfg = Debug|Any CPU
		{679B4217-8B2E-9B9C-732A-4AF80642CF06}.Debug|Any CPU.Build.0 = Debug|Any CPU
		{679B4217-8B2E-9B9C-732A-4AF80642CF06}.Release|Any CPU.ActiveCfg = Release|Any CPU
		{679B4217-8B2E-9B9C-732A-4AF80642CF06}.Release|Any CPU.Build.0 = Release|Any CPU
		{9EF59AAA-9A96-4CAE-6138-5084D354CCA6}.Debug|Any CPU.ActiveCfg = Debug|Any CPU
		{9EF59AAA-9A96-4CAE-6138-5084D354CCA6}.Debug|Any CPU.Build.0 = Debug|Any CPU
		{9EF59AAA-9A96-4CAE-6138-5084D354CCA6}.Release|Any CPU.ActiveCfg = Release|Any CPU
		{9EF59AAA-9A96-4CAE-6138-5084D354CCA6}.Release|Any CPU.Build.0 = Release|Any CPU
		{CC6FB320-0147-5AD9-F1BD-0E9B993B4C46}.Debug|Any CPU.ActiveCfg = Debug|Any CPU
		{CC6FB320-0147-5AD9-F1BD-0E9B993B4C46}.Debug|Any CPU.Build.0 = Debug|Any CPU
		{CC6FB320-0147-5AD9-F1BD-0E9B993B4C46}.Release|Any CPU.ActiveCfg = Release|Any CPU
		{CC6FB320-0147-5AD9-F1BD-0E9B993B4C46}.Release|Any CPU.Build.0 = Release|Any CPU
		{FAEFB37B-820B-4921-F5C9-7902722899B4}.Debug|Any CPU.ActiveCfg = Debug|Any CPU
		{FAEFB37B-820B-4921-F5C9-7902722899B4}.Debug|Any CPU.Build.0 = Debug|Any CPU
		{FAEFB37B-820B-4921-F5C9-7902722899B4}.Release|Any CPU.ActiveCfg = Release|Any CPU
		{FAEFB37B-820B-4921-F5C9-7902722899B4}.Release|Any CPU.Build.0 = Release|Any CPU
		{D0C9E503-3F50-B4D0-E63E-C01E545E5A7B}.Debug|Any CPU.ActiveCfg = Debug|Any CPU
		{D0C9E503-3F50-B4D0-E63E-C01E545E5A7B}.Debug|Any CPU.Build.0 = Debug|Any CPU
		{D0C9E503-3F50-B4D0-E63E-C01E545E5A7B}.Release|Any CPU.ActiveCfg = Release|Any CPU
		{D0C9E503-3F50-B4D0-E63E-C01E545E5A7B}.Release|Any CPU.Build.0 = Release|Any CPU
		{9CF4EB14-BD17-0084-C57C-69E820062AC0}.Debug|Any CPU.ActiveCfg = Debug|Any CPU
		{9CF4EB14-BD17-0084-C57C-69E820062AC0}.Debug|Any CPU.Build.0 = Debug|Any CPU
		{9CF4EB14-BD17-0084-C57C-69E820062AC0}.Release|Any CPU.ActiveCfg = Release|Any CPU
		{9CF4EB14-BD17-0084-C57C-69E820062AC0}.Release|Any CPU.Build.0 = Release|Any CPU
		{3E066EB9-B1E7-91D1-C66E-134CA2876588}.Debug|Any CPU.ActiveCfg = Debug|Any CPU
		{3E066EB9-B1E7-91D1-C66E-134CA2876588}.Debug|Any CPU.Build.0 = Debug|Any CPU
		{3E066EB9-B1E7-91D1-C66E-134CA2876588}.Release|Any CPU.ActiveCfg = Release|Any CPU
		{3E066EB9-B1E7-91D1-C66E-134CA2876588}.Release|Any CPU.Build.0 = Release|Any CPU
		{3DD2BF9B-6FF6-9E6A-49B5-9DC40DE27238}.Debug|Any CPU.ActiveCfg = Debug|Any CPU
		{3DD2BF9B-6FF6-9E6A-49B5-9DC40DE27238}.Debug|Any CPU.Build.0 = Debug|Any CPU
		{3DD2BF9B-6FF6-9E6A-49B5-9DC40DE27238}.Release|Any CPU.ActiveCfg = Release|Any CPU
		{3DD2BF9B-6FF6-9E6A-49B5-9DC40DE27238}.Release|Any CPU.Build.0 = Release|Any CPU
		{81151104-B5D3-617C-756B-6C406EC9ED4E}.Debug|Any CPU.ActiveCfg = Debug|Any CPU
		{81151104-B5D3-617C-756B-6C406EC9ED4E}.Debug|Any CPU.Build.0 = Debug|Any CPU
		{81151104-B5D3-617C-756B-6C406EC9ED4E}.Release|Any CPU.ActiveCfg = Release|Any CPU
		{81151104-B5D3-617C-756B-6C406EC9ED4E}.Release|Any CPU.Build.0 = Release|Any CPU
		{A3AE4B5C-1A0D-2BC8-820C-4B27DED3BFEA}.Debug|Any CPU.ActiveCfg = Debug|Any CPU
		{A3AE4B5C-1A0D-2BC8-820C-4B27DED3BFEA}.Debug|Any CPU.Build.0 = Debug|Any CPU
		{A3AE4B5C-1A0D-2BC8-820C-4B27DED3BFEA}.Release|Any CPU.ActiveCfg = Release|Any CPU
		{A3AE4B5C-1A0D-2BC8-820C-4B27DED3BFEA}.Release|Any CPU.Build.0 = Release|Any CPU
		{BEFCAFA1-5D0A-5D13-313D-871219EB3417}.Debug|Any CPU.ActiveCfg = Debug|Any CPU
		{BEFCAFA1-5D0A-5D13-313D-871219EB3417}.Debug|Any CPU.Build.0 = Debug|Any CPU
		{BEFCAFA1-5D0A-5D13-313D-871219EB3417}.Release|Any CPU.ActiveCfg = Release|Any CPU
		{BEFCAFA1-5D0A-5D13-313D-871219EB3417}.Release|Any CPU.Build.0 = Release|Any CPU
		{4D262F94-77AA-DEFB-B1EC-27ADC36C829E}.Debug|Any CPU.ActiveCfg = Debug|Any CPU
		{4D262F94-77AA-DEFB-B1EC-27ADC36C829E}.Debug|Any CPU.Build.0 = Debug|Any CPU
		{4D262F94-77AA-DEFB-B1EC-27ADC36C829E}.Release|Any CPU.ActiveCfg = Release|Any CPU
		{4D262F94-77AA-DEFB-B1EC-27ADC36C829E}.Release|Any CPU.Build.0 = Release|Any CPU
		{4D80751A-CFC5-6F83-CB43-EA9D021B3587}.Debug|Any CPU.ActiveCfg = Debug|Any CPU
		{4D80751A-CFC5-6F83-CB43-EA9D021B3587}.Debug|Any CPU.Build.0 = Debug|Any CPU
		{4D80751A-CFC5-6F83-CB43-EA9D021B3587}.Release|Any CPU.ActiveCfg = Release|Any CPU
		{4D80751A-CFC5-6F83-CB43-EA9D021B3587}.Release|Any CPU.Build.0 = Release|Any CPU
		{BA4E44FA-29D4-FA58-A054-511E68F419C3}.Debug|Any CPU.ActiveCfg = Debug|Any CPU
		{BA4E44FA-29D4-FA58-A054-511E68F419C3}.Debug|Any CPU.Build.0 = Debug|Any CPU
		{BA4E44FA-29D4-FA58-A054-511E68F419C3}.Release|Any CPU.ActiveCfg = Release|Any CPU
		{BA4E44FA-29D4-FA58-A054-511E68F419C3}.Release|Any CPU.Build.0 = Release|Any CPU
		{B2A73F1D-953E-EC90-F215-0EB22771F7DA}.Debug|Any CPU.ActiveCfg = Debug|Any CPU
		{B2A73F1D-953E-EC90-F215-0EB22771F7DA}.Debug|Any CPU.Build.0 = Debug|Any CPU
		{B2A73F1D-953E-EC90-F215-0EB22771F7DA}.Release|Any CPU.ActiveCfg = Release|Any CPU
		{B2A73F1D-953E-EC90-F215-0EB22771F7DA}.Release|Any CPU.Build.0 = Release|Any CPU
		{FE8875E5-EEFB-CBA9-992E-4571324A3A3E}.Debug|Any CPU.ActiveCfg = Debug|Any CPU
		{FE8875E5-EEFB-CBA9-992E-4571324A3A3E}.Debug|Any CPU.Build.0 = Debug|Any CPU
		{FE8875E5-EEFB-CBA9-992E-4571324A3A3E}.Release|Any CPU.ActiveCfg = Release|Any CPU
		{FE8875E5-EEFB-CBA9-992E-4571324A3A3E}.Release|Any CPU.Build.0 = Release|Any CPU
		{6AB95CB4-A1B0-2CA3-1895-CCB54D7D87FE}.Debug|Any CPU.ActiveCfg = Debug|Any CPU
		{6AB95CB4-A1B0-2CA3-1895-CCB54D7D87FE}.Debug|Any CPU.Build.0 = Debug|Any CPU
		{6AB95CB4-A1B0-2CA3-1895-CCB54D7D87FE}.Release|Any CPU.ActiveCfg = Release|Any CPU
		{6AB95CB4-A1B0-2CA3-1895-CCB54D7D87FE}.Release|Any CPU.Build.0 = Release|Any CPU
		{3D141CB3-2E64-D824-CCDC-1FFF509E8D88}.Debug|Any CPU.ActiveCfg = Debug|Any CPU
		{3D141CB3-2E64-D824-CCDC-1FFF509E8D88}.Debug|Any CPU.Build.0 = Debug|Any CPU
		{3D141CB3-2E64-D824-CCDC-1FFF509E8D88}.Release|Any CPU.ActiveCfg = Release|Any CPU
		{3D141CB3-2E64-D824-CCDC-1FFF509E8D88}.Release|Any CPU.Build.0 = Release|Any CPU
		{C68A0A31-61B2-7571-5A74-27CEFC940802}.Debug|Any CPU.ActiveCfg = Debug|Any CPU
		{C68A0A31-61B2-7571-5A74-27CEFC940802}.Debug|Any CPU.Build.0 = Debug|Any CPU
		{C68A0A31-61B2-7571-5A74-27CEFC940802}.Release|Any CPU.ActiveCfg = Release|Any CPU
		{C68A0A31-61B2-7571-5A74-27CEFC940802}.Release|Any CPU.Build.0 = Release|Any CPU
		{ACB35CFD-D0EE-2E0C-FAD1-7C1BACAA1925}.Debug|Any CPU.ActiveCfg = Debug|Any CPU
		{ACB35CFD-D0EE-2E0C-FAD1-7C1BACAA1925}.Debug|Any CPU.Build.0 = Debug|Any CPU
		{ACB35CFD-D0EE-2E0C-FAD1-7C1BACAA1925}.Release|Any CPU.ActiveCfg = Release|Any CPU
		{ACB35CFD-D0EE-2E0C-FAD1-7C1BACAA1925}.Release|Any CPU.Build.0 = Release|Any CPU
		{CA025736-CBBF-19CF-FC43-0ED48687A528}.Debug|Any CPU.ActiveCfg = Debug|Any CPU
		{CA025736-CBBF-19CF-FC43-0ED48687A528}.Debug|Any CPU.Build.0 = Debug|Any CPU
		{CA025736-CBBF-19CF-FC43-0ED48687A528}.Release|Any CPU.ActiveCfg = Release|Any CPU
		{CA025736-CBBF-19CF-FC43-0ED48687A528}.Release|Any CPU.Build.0 = Release|Any CPU
		{3B60C6F6-B088-EBBC-6469-1745E2BE9D9B}.Debug|Any CPU.ActiveCfg = Debug|Any CPU
		{3B60C6F6-B088-EBBC-6469-1745E2BE9D9B}.Debug|Any CPU.Build.0 = Debug|Any CPU
		{3B60C6F6-B088-EBBC-6469-1745E2BE9D9B}.Release|Any CPU.ActiveCfg = Release|Any CPU
		{3B60C6F6-B088-EBBC-6469-1745E2BE9D9B}.Release|Any CPU.Build.0 = Release|Any CPU
		{7ECD1942-8305-4987-666E-1F60FABBB725}.Debug|Any CPU.ActiveCfg = Debug|Any CPU
		{7ECD1942-8305-4987-666E-1F60FABBB725}.Debug|Any CPU.Build.0 = Debug|Any CPU
		{7ECD1942-8305-4987-666E-1F60FABBB725}.Release|Any CPU.ActiveCfg = Release|Any CPU
		{7ECD1942-8305-4987-666E-1F60FABBB725}.Release|Any CPU.Build.0 = Release|Any CPU
		{6CDFF9CF-D890-78BD-24AE-BF67B5AABF02}.Debug|Any CPU.ActiveCfg = Debug|Any CPU
		{6CDFF9CF-D890-78BD-24AE-BF67B5AABF02}.Debug|Any CPU.Build.0 = Debug|Any CPU
		{6CDFF9CF-D890-78BD-24AE-BF67B5AABF02}.Release|Any CPU.ActiveCfg = Release|Any CPU
		{6CDFF9CF-D890-78BD-24AE-BF67B5AABF02}.Release|Any CPU.Build.0 = Release|Any CPU
		{108B8058-4F8A-6045-DE71-031A1F78D45F}.Debug|Any CPU.ActiveCfg = Debug|Any CPU
		{108B8058-4F8A-6045-DE71-031A1F78D45F}.Debug|Any CPU.Build.0 = Debug|Any CPU
		{108B8058-4F8A-6045-DE71-031A1F78D45F}.Release|Any CPU.ActiveCfg = Release|Any CPU
		{108B8058-4F8A-6045-DE71-031A1F78D45F}.Release|Any CPU.Build.0 = Release|Any CPU
		{D3D4D6C8-BBDC-EC0D-19D7-74E3A0A140B3}.Debug|Any CPU.ActiveCfg = Debug|Any CPU
		{D3D4D6C8-BBDC-EC0D-19D7-74E3A0A140B3}.Debug|Any CPU.Build.0 = Debug|Any CPU
		{D3D4D6C8-BBDC-EC0D-19D7-74E3A0A140B3}.Release|Any CPU.ActiveCfg = Release|Any CPU
		{D3D4D6C8-BBDC-EC0D-19D7-74E3A0A140B3}.Release|Any CPU.Build.0 = Release|Any CPU
		{2416B312-4173-9A24-7683-26DD619E2FA2}.Debug|Any CPU.ActiveCfg = Debug|Any CPU
		{2416B312-4173-9A24-7683-26DD619E2FA2}.Debug|Any CPU.Build.0 = Debug|Any CPU
		{2416B312-4173-9A24-7683-26DD619E2FA2}.Release|Any CPU.ActiveCfg = Release|Any CPU
		{2416B312-4173-9A24-7683-26DD619E2FA2}.Release|Any CPU.Build.0 = Release|Any CPU
		{CB973CE7-CC04-CD5A-3FE1-94A335B4FBE3}.Debug|Any CPU.ActiveCfg = Debug|Any CPU
		{CB973CE7-CC04-CD5A-3FE1-94A335B4FBE3}.Debug|Any CPU.Build.0 = Debug|Any CPU
		{CB973CE7-CC04-CD5A-3FE1-94A335B4FBE3}.Release|Any CPU.ActiveCfg = Release|Any CPU
		{CB973CE7-CC04-CD5A-3FE1-94A335B4FBE3}.Release|Any CPU.Build.0 = Release|Any CPU
		{B1926FED-F9DE-88D2-3D9D-B018EC90CF1D}.Debug|Any CPU.ActiveCfg = Debug|Any CPU
		{B1926FED-F9DE-88D2-3D9D-B018EC90CF1D}.Debug|Any CPU.Build.0 = Debug|Any CPU
		{B1926FED-F9DE-88D2-3D9D-B018EC90CF1D}.Release|Any CPU.ActiveCfg = Release|Any CPU
		{B1926FED-F9DE-88D2-3D9D-B018EC90CF1D}.Release|Any CPU.Build.0 = Release|Any CPU
		{D3778594-F7AD-503D-710A-70C2DACE8A1F}.Debug|Any CPU.ActiveCfg = Debug|Any CPU
		{D3778594-F7AD-503D-710A-70C2DACE8A1F}.Debug|Any CPU.Build.0 = Debug|Any CPU
		{D3778594-F7AD-503D-710A-70C2DACE8A1F}.Release|Any CPU.ActiveCfg = Release|Any CPU
		{D3778594-F7AD-503D-710A-70C2DACE8A1F}.Release|Any CPU.Build.0 = Release|Any CPU
		{136C165E-7FA1-007E-69B4-48AFC2A3B1F6}.Debug|Any CPU.ActiveCfg = Debug|Any CPU
		{136C165E-7FA1-007E-69B4-48AFC2A3B1F6}.Debug|Any CPU.Build.0 = Debug|Any CPU
		{136C165E-7FA1-007E-69B4-48AFC2A3B1F6}.Release|Any CPU.ActiveCfg = Release|Any CPU
		{136C165E-7FA1-007E-69B4-48AFC2A3B1F6}.Release|Any CPU.Build.0 = Release|Any CPU
	EndGlobalSection
	GlobalSection(SolutionProperties) = preSolution
		HideSolutionNode = FALSE
	EndGlobalSection
EndGlobal
